
Microsoft Visual Studio Solution File, Format Version 12.00
# Visual Studio Version 17
VisualStudioVersion = 17.2.32516.85
MinimumVisualStudioVersion = 10.0.40219.1
Project("{9A19103F-16F7-4668-BE54-9A1E7A4F7556}") = "Array", "Array\Array.csproj", "{3AE8447A-D69D-4EAA-A691-15F85F95C75A}"
EndProject
Project("{9A19103F-16F7-4668-BE54-9A1E7A4F7556}") = "Assemblies", "Assembly\Assemblies.csproj", "{5C943600-2F36-4150-882A-D953AAB06E6C}"
EndProject
Project("{9A19103F-16F7-4668-BE54-9A1E7A4F7556}") = "BinarySearch", "BinarySearch\BinarySearch.csproj", "{FAE01656-85AD-4A04-A739-84EC3CFF8D68}"
EndProject
Project("{9A19103F-16F7-4668-BE54-9A1E7A4F7556}") = "Casting", "Casting\Casting.csproj", "{BADA4AB1-8B93-43B9-A903-7E7C5794036E}"
EndProject
Project("{9A19103F-16F7-4668-BE54-9A1E7A4F7556}") = "Oop", "Oop\Oop.csproj", "{BCCF8026-65C8-4526-831D-05277AAE0AD1}"
EndProject
Project("{9A19103F-16F7-4668-BE54-9A1E7A4F7556}") = "Delegate", "Delegate\Delegate.csproj", "{0699375F-F035-490A-97DB-5CA5FA073107}"
EndProject
Project("{9A19103F-16F7-4668-BE54-9A1E7A4F7556}") = "Events", "ConsoleApp1\Events.csproj", "{61F20133-696F-4B91-81D7-0995E767D14F}"
EndProject
Project("{9A19103F-16F7-4668-BE54-9A1E7A4F7556}") = "OperatorOverloading", "OperatorOverloading\OperatorOverloading.csproj", "{376E30B5-B942-4B95-88A9-14546378DDF2}"
EndProject
Project("{9A19103F-16F7-4668-BE54-9A1E7A4F7556}") = "FinalizerNestedType", "FinalizerNestedType\FinalizerNestedType.csproj", "{E802DCEC-4A1F-4B32-B1A1-4E9176983D11}"
EndProject
Project("{9A19103F-16F7-4668-BE54-9A1E7A4F7556}") = "CustomeLB", "CustomeLB\CustomeLB.csproj", "{B0C1306F-C1C8-4245-86D6-93B3151D9DCF}"
EndProject
Project("{9A19103F-16F7-4668-BE54-9A1E7A4F7556}") = "StrutcAndEnum", "StrutcAndEnum\StrutcAndEnum.csproj", "{EDA16B79-0E20-40E2-BA5F-2D556E8CF665}"
EndProject
Project("{9A19103F-16F7-4668-BE54-9A1E7A4F7556}") = "Inheritance", "Inheritance\Inheritance.csproj", "{27D2FC57-0098-482E-8822-C4B6F8686562}"
EndProject
Project("{FAE04EC0-301F-11D3-BF4B-00C04F79EFBC}") = "Interfaces", "Interfaces\Interfaces.csproj", "{8841DF68-5FC2-479D-A8FD-996492F34EE7}"
EndProject
Global
	GlobalSection(SolutionConfigurationPlatforms) = preSolution
		Debug|Any CPU = Debug|Any CPU
		Debug|x64 = Debug|x64
		Debug|x86 = Debug|x86
		Release|Any CPU = Release|Any CPU
		Release|x64 = Release|x64
		Release|x86 = Release|x86
	EndGlobalSection
	GlobalSection(ProjectConfigurationPlatforms) = postSolution
		{3AE8447A-D69D-4EAA-A691-15F85F95C75A}.Debug|Any CPU.ActiveCfg = Debug|Any CPU
		{3AE8447A-D69D-4EAA-A691-15F85F95C75A}.Debug|Any CPU.Build.0 = Debug|Any CPU
		{3AE8447A-D69D-4EAA-A691-15F85F95C75A}.Debug|x64.ActiveCfg = Debug|Any CPU
		{3AE8447A-D69D-4EAA-A691-15F85F95C75A}.Debug|x64.Build.0 = Debug|Any CPU
		{3AE8447A-D69D-4EAA-A691-15F85F95C75A}.Debug|x86.ActiveCfg = Debug|Any CPU
		{3AE8447A-D69D-4EAA-A691-15F85F95C75A}.Debug|x86.Build.0 = Debug|Any CPU
		{3AE8447A-D69D-4EAA-A691-15F85F95C75A}.Release|Any CPU.ActiveCfg = Release|Any CPU
		{3AE8447A-D69D-4EAA-A691-15F85F95C75A}.Release|Any CPU.Build.0 = Release|Any CPU
		{3AE8447A-D69D-4EAA-A691-15F85F95C75A}.Release|x64.ActiveCfg = Release|Any CPU
		{3AE8447A-D69D-4EAA-A691-15F85F95C75A}.Release|x64.Build.0 = Release|Any CPU
		{3AE8447A-D69D-4EAA-A691-15F85F95C75A}.Release|x86.ActiveCfg = Release|Any CPU
		{3AE8447A-D69D-4EAA-A691-15F85F95C75A}.Release|x86.Build.0 = Release|Any CPU
		{5C943600-2F36-4150-882A-D953AAB06E6C}.Debug|Any CPU.ActiveCfg = Debug|Any CPU
		{5C943600-2F36-4150-882A-D953AAB06E6C}.Debug|Any CPU.Build.0 = Debug|Any CPU
		{5C943600-2F36-4150-882A-D953AAB06E6C}.Debug|x64.ActiveCfg = Debug|Any CPU
		{5C943600-2F36-4150-882A-D953AAB06E6C}.Debug|x64.Build.0 = Debug|Any CPU
		{5C943600-2F36-4150-882A-D953AAB06E6C}.Debug|x86.ActiveCfg = Debug|Any CPU
		{5C943600-2F36-4150-882A-D953AAB06E6C}.Debug|x86.Build.0 = Debug|Any CPU
		{5C943600-2F36-4150-882A-D953AAB06E6C}.Release|Any CPU.ActiveCfg = Release|Any CPU
		{5C943600-2F36-4150-882A-D953AAB06E6C}.Release|Any CPU.Build.0 = Release|Any CPU
		{5C943600-2F36-4150-882A-D953AAB06E6C}.Release|x64.ActiveCfg = Release|Any CPU
		{5C943600-2F36-4150-882A-D953AAB06E6C}.Release|x64.Build.0 = Release|Any CPU
		{5C943600-2F36-4150-882A-D953AAB06E6C}.Release|x86.ActiveCfg = Release|Any CPU
		{5C943600-2F36-4150-882A-D953AAB06E6C}.Release|x86.Build.0 = Release|Any CPU
		{FAE01656-85AD-4A04-A739-84EC3CFF8D68}.Debug|Any CPU.ActiveCfg = Debug|Any CPU
		{FAE01656-85AD-4A04-A739-84EC3CFF8D68}.Debug|Any CPU.Build.0 = Debug|Any CPU
		{FAE01656-85AD-4A04-A739-84EC3CFF8D68}.Debug|x64.ActiveCfg = Debug|Any CPU
		{FAE01656-85AD-4A04-A739-84EC3CFF8D68}.Debug|x64.Build.0 = Debug|Any CPU
		{FAE01656-85AD-4A04-A739-84EC3CFF8D68}.Debug|x86.ActiveCfg = Debug|Any CPU
		{FAE01656-85AD-4A04-A739-84EC3CFF8D68}.Debug|x86.Build.0 = Debug|Any CPU
		{FAE01656-85AD-4A04-A739-84EC3CFF8D68}.Release|Any CPU.ActiveCfg = Release|Any CPU
		{FAE01656-85AD-4A04-A739-84EC3CFF8D68}.Release|Any CPU.Build.0 = Release|Any CPU
		{FAE01656-85AD-4A04-A739-84EC3CFF8D68}.Release|x64.ActiveCfg = Release|Any CPU
		{FAE01656-85AD-4A04-A739-84EC3CFF8D68}.Release|x64.Build.0 = Release|Any CPU
		{FAE01656-85AD-4A04-A739-84EC3CFF8D68}.Release|x86.ActiveCfg = Release|Any CPU
		{FAE01656-85AD-4A04-A739-84EC3CFF8D68}.Release|x86.Build.0 = Release|Any CPU
		{BADA4AB1-8B93-43B9-A903-7E7C5794036E}.Debug|Any CPU.ActiveCfg = Debug|Any CPU
		{BADA4AB1-8B93-43B9-A903-7E7C5794036E}.Debug|Any CPU.Build.0 = Debug|Any CPU
		{BADA4AB1-8B93-43B9-A903-7E7C5794036E}.Debug|x64.ActiveCfg = Debug|Any CPU
		{BADA4AB1-8B93-43B9-A903-7E7C5794036E}.Debug|x64.Build.0 = Debug|Any CPU
		{BADA4AB1-8B93-43B9-A903-7E7C5794036E}.Debug|x86.ActiveCfg = Debug|Any CPU
		{BADA4AB1-8B93-43B9-A903-7E7C5794036E}.Debug|x86.Build.0 = Debug|Any CPU
		{BADA4AB1-8B93-43B9-A903-7E7C5794036E}.Release|Any CPU.ActiveCfg = Release|Any CPU
		{BADA4AB1-8B93-43B9-A903-7E7C5794036E}.Release|Any CPU.Build.0 = Release|Any CPU
		{BADA4AB1-8B93-43B9-A903-7E7C5794036E}.Release|x64.ActiveCfg = Release|Any CPU
		{BADA4AB1-8B93-43B9-A903-7E7C5794036E}.Release|x64.Build.0 = Release|Any CPU
		{BADA4AB1-8B93-43B9-A903-7E7C5794036E}.Release|x86.ActiveCfg = Release|Any CPU
		{BADA4AB1-8B93-43B9-A903-7E7C5794036E}.Release|x86.Build.0 = Release|Any CPU
		{BCCF8026-65C8-4526-831D-05277AAE0AD1}.Debug|Any CPU.ActiveCfg = Debug|Any CPU
		{BCCF8026-65C8-4526-831D-05277AAE0AD1}.Debug|Any CPU.Build.0 = Debug|Any CPU
		{BCCF8026-65C8-4526-831D-05277AAE0AD1}.Debug|x64.ActiveCfg = Debug|Any CPU
		{BCCF8026-65C8-4526-831D-05277AAE0AD1}.Debug|x64.Build.0 = Debug|Any CPU
		{BCCF8026-65C8-4526-831D-05277AAE0AD1}.Debug|x86.ActiveCfg = Debug|Any CPU
		{BCCF8026-65C8-4526-831D-05277AAE0AD1}.Debug|x86.Build.0 = Debug|Any CPU
		{BCCF8026-65C8-4526-831D-05277AAE0AD1}.Release|Any CPU.ActiveCfg = Release|Any CPU
		{BCCF8026-65C8-4526-831D-05277AAE0AD1}.Release|Any CPU.Build.0 = Release|Any CPU
		{BCCF8026-65C8-4526-831D-05277AAE0AD1}.Release|x64.ActiveCfg = Release|Any CPU
		{BCCF8026-65C8-4526-831D-05277AAE0AD1}.Release|x64.Build.0 = Release|Any CPU
		{BCCF8026-65C8-4526-831D-05277AAE0AD1}.Release|x86.ActiveCfg = Release|Any CPU
		{BCCF8026-65C8-4526-831D-05277AAE0AD1}.Release|x86.Build.0 = Release|Any CPU
		{0699375F-F035-490A-97DB-5CA5FA073107}.Debug|Any CPU.ActiveCfg = Debug|Any CPU
		{0699375F-F035-490A-97DB-5CA5FA073107}.Debug|Any CPU.Build.0 = Debug|Any CPU
		{0699375F-F035-490A-97DB-5CA5FA073107}.Debug|x64.ActiveCfg = Debug|Any CPU
		{0699375F-F035-490A-97DB-5CA5FA073107}.Debug|x64.Build.0 = Debug|Any CPU
		{0699375F-F035-490A-97DB-5CA5FA073107}.Debug|x86.ActiveCfg = Debug|Any CPU
		{0699375F-F035-490A-97DB-5CA5FA073107}.Debug|x86.Build.0 = Debug|Any CPU
		{0699375F-F035-490A-97DB-5CA5FA073107}.Release|Any CPU.ActiveCfg = Release|Any CPU
		{0699375F-F035-490A-97DB-5CA5FA073107}.Release|Any CPU.Build.0 = Release|Any CPU
		{0699375F-F035-490A-97DB-5CA5FA073107}.Release|x64.ActiveCfg = Release|Any CPU
		{0699375F-F035-490A-97DB-5CA5FA073107}.Release|x64.Build.0 = Release|Any CPU
		{0699375F-F035-490A-97DB-5CA5FA073107}.Release|x86.ActiveCfg = Release|Any CPU
		{0699375F-F035-490A-97DB-5CA5FA073107}.Release|x86.Build.0 = Release|Any CPU
		{61F20133-696F-4B91-81D7-0995E767D14F}.Debug|Any CPU.ActiveCfg = Debug|Any CPU
		{61F20133-696F-4B91-81D7-0995E767D14F}.Debug|Any CPU.Build.0 = Debug|Any CPU
		{61F20133-696F-4B91-81D7-0995E767D14F}.Debug|x64.ActiveCfg = Debug|Any CPU
		{61F20133-696F-4B91-81D7-0995E767D14F}.Debug|x64.Build.0 = Debug|Any CPU
		{61F20133-696F-4B91-81D7-0995E767D14F}.Debug|x86.ActiveCfg = Debug|Any CPU
		{61F20133-696F-4B91-81D7-0995E767D14F}.Debug|x86.Build.0 = Debug|Any CPU
		{61F20133-696F-4B91-81D7-0995E767D14F}.Release|Any CPU.ActiveCfg = Release|Any CPU
		{61F20133-696F-4B91-81D7-0995E767D14F}.Release|Any CPU.Build.0 = Release|Any CPU
		{61F20133-696F-4B91-81D7-0995E767D14F}.Release|x64.ActiveCfg = Release|Any CPU
		{61F20133-696F-4B91-81D7-0995E767D14F}.Release|x64.Build.0 = Release|Any CPU
		{61F20133-696F-4B91-81D7-0995E767D14F}.Release|x86.ActiveCfg = Release|Any CPU
		{61F20133-696F-4B91-81D7-0995E767D14F}.Release|x86.Build.0 = Release|Any CPU
		{376E30B5-B942-4B95-88A9-14546378DDF2}.Debug|Any CPU.ActiveCfg = Debug|Any CPU
		{376E30B5-B942-4B95-88A9-14546378DDF2}.Debug|Any CPU.Build.0 = Debug|Any CPU
		{376E30B5-B942-4B95-88A9-14546378DDF2}.Debug|x64.ActiveCfg = Debug|Any CPU
		{376E30B5-B942-4B95-88A9-14546378DDF2}.Debug|x64.Build.0 = Debug|Any CPU
		{376E30B5-B942-4B95-88A9-14546378DDF2}.Debug|x86.ActiveCfg = Debug|Any CPU
		{376E30B5-B942-4B95-88A9-14546378DDF2}.Debug|x86.Build.0 = Debug|Any CPU
		{376E30B5-B942-4B95-88A9-14546378DDF2}.Release|Any CPU.ActiveCfg = Release|Any CPU
		{376E30B5-B942-4B95-88A9-14546378DDF2}.Release|Any CPU.Build.0 = Release|Any CPU
		{376E30B5-B942-4B95-88A9-14546378DDF2}.Release|x64.ActiveCfg = Release|Any CPU
		{376E30B5-B942-4B95-88A9-14546378DDF2}.Release|x64.Build.0 = Release|Any CPU
		{376E30B5-B942-4B95-88A9-14546378DDF2}.Release|x86.ActiveCfg = Release|Any CPU
		{376E30B5-B942-4B95-88A9-14546378DDF2}.Release|x86.Build.0 = Release|Any CPU
		{E802DCEC-4A1F-4B32-B1A1-4E9176983D11}.Debug|Any CPU.ActiveCfg = Debug|Any CPU
		{E802DCEC-4A1F-4B32-B1A1-4E9176983D11}.Debug|Any CPU.Build.0 = Debug|Any CPU
		{E802DCEC-4A1F-4B32-B1A1-4E9176983D11}.Debug|x64.ActiveCfg = Debug|Any CPU
		{E802DCEC-4A1F-4B32-B1A1-4E9176983D11}.Debug|x64.Build.0 = Debug|Any CPU
		{E802DCEC-4A1F-4B32-B1A1-4E9176983D11}.Debug|x86.ActiveCfg = Debug|Any CPU
		{E802DCEC-4A1F-4B32-B1A1-4E9176983D11}.Debug|x86.Build.0 = Debug|Any CPU
		{E802DCEC-4A1F-4B32-B1A1-4E9176983D11}.Release|Any CPU.ActiveCfg = Release|Any CPU
		{E802DCEC-4A1F-4B32-B1A1-4E9176983D11}.Release|Any CPU.Build.0 = Release|Any CPU
		{E802DCEC-4A1F-4B32-B1A1-4E9176983D11}.Release|x64.ActiveCfg = Release|Any CPU
		{E802DCEC-4A1F-4B32-B1A1-4E9176983D11}.Release|x64.Build.0 = Release|Any CPU
		{E802DCEC-4A1F-4B32-B1A1-4E9176983D11}.Release|x86.ActiveCfg = Release|Any CPU
		{E802DCEC-4A1F-4B32-B1A1-4E9176983D11}.Release|x86.Build.0 = Release|Any CPU
		{B0C1306F-C1C8-4245-86D6-93B3151D9DCF}.Debug|Any CPU.ActiveCfg = Debug|Any CPU
		{B0C1306F-C1C8-4245-86D6-93B3151D9DCF}.Debug|Any CPU.Build.0 = Debug|Any CPU
		{B0C1306F-C1C8-4245-86D6-93B3151D9DCF}.Debug|x64.ActiveCfg = Debug|Any CPU
		{B0C1306F-C1C8-4245-86D6-93B3151D9DCF}.Debug|x64.Build.0 = Debug|Any CPU
		{B0C1306F-C1C8-4245-86D6-93B3151D9DCF}.Debug|x86.ActiveCfg = Debug|Any CPU
		{B0C1306F-C1C8-4245-86D6-93B3151D9DCF}.Debug|x86.Build.0 = Debug|Any CPU
		{B0C1306F-C1C8-4245-86D6-93B3151D9DCF}.Release|Any CPU.ActiveCfg = Release|Any CPU
		{B0C1306F-C1C8-4245-86D6-93B3151D9DCF}.Release|Any CPU.Build.0 = Release|Any CPU
		{B0C1306F-C1C8-4245-86D6-93B3151D9DCF}.Release|x64.ActiveCfg = Release|Any CPU
		{B0C1306F-C1C8-4245-86D6-93B3151D9DCF}.Release|x64.Build.0 = Release|Any CPU
		{B0C1306F-C1C8-4245-86D6-93B3151D9DCF}.Release|x86.ActiveCfg = Release|Any CPU
		{B0C1306F-C1C8-4245-86D6-93B3151D9DCF}.Release|x86.Build.0 = Release|Any CPU
		{EDA16B79-0E20-40E2-BA5F-2D556E8CF665}.Debug|Any CPU.ActiveCfg = Debug|Any CPU
		{EDA16B79-0E20-40E2-BA5F-2D556E8CF665}.Debug|Any CPU.Build.0 = Debug|Any CPU
		{EDA16B79-0E20-40E2-BA5F-2D556E8CF665}.Debug|x64.ActiveCfg = Debug|Any CPU
		{EDA16B79-0E20-40E2-BA5F-2D556E8CF665}.Debug|x64.Build.0 = Debug|Any CPU
		{EDA16B79-0E20-40E2-BA5F-2D556E8CF665}.Debug|x86.ActiveCfg = Debug|Any CPU
		{EDA16B79-0E20-40E2-BA5F-2D556E8CF665}.Debug|x86.Build.0 = Debug|Any CPU
		{EDA16B79-0E20-40E2-BA5F-2D556E8CF665}.Release|Any CPU.ActiveCfg = Release|Any CPU
		{EDA16B79-0E20-40E2-BA5F-2D556E8CF665}.Release|Any CPU.Build.0 = Release|Any CPU
		{EDA16B79-0E20-40E2-BA5F-2D556E8CF665}.Release|x64.ActiveCfg = Release|Any CPU
		{EDA16B79-0E20-40E2-BA5F-2D556E8CF665}.Release|x64.Build.0 = Release|Any CPU
		{EDA16B79-0E20-40E2-BA5F-2D556E8CF665}.Release|x86.ActiveCfg = Release|Any CPU
		{EDA16B79-0E20-40E2-BA5F-2D556E8CF665}.Release|x86.Build.0 = Release|Any CPU
		{27D2FC57-0098-482E-8822-C4B6F8686562}.Debug|Any CPU.ActiveCfg = Debug|Any CPU
		{27D2FC57-0098-482E-8822-C4B6F8686562}.Debug|Any CPU.Build.0 = Debug|Any CPU
		{27D2FC57-0098-482E-8822-C4B6F8686562}.Debug|x64.ActiveCfg = Debug|Any CPU
		{27D2FC57-0098-482E-8822-C4B6F8686562}.Debug|x64.Build.0 = Debug|Any CPU
		{27D2FC57-0098-482E-8822-C4B6F8686562}.Debug|x86.ActiveCfg = Debug|Any CPU
		{27D2FC57-0098-482E-8822-C4B6F8686562}.Debug|x86.Build.0 = Debug|Any CPU
		{27D2FC57-0098-482E-8822-C4B6F8686562}.Release|Any CPU.ActiveCfg = Release|Any CPU
		{27D2FC57-0098-482E-8822-C4B6F8686562}.Release|Any CPU.Build.0 = Release|Any CPU
		{27D2FC57-0098-482E-8822-C4B6F8686562}.Release|x64.ActiveCfg = Release|Any CPU
		{27D2FC57-0098-482E-8822-C4B6F8686562}.Release|x64.Build.0 = Release|Any CPU
		{27D2FC57-0098-482E-8822-C4B6F8686562}.Release|x86.ActiveCfg = Release|Any CPU
		{27D2FC57-0098-482E-8822-C4B6F8686562}.Release|x86.Build.0 = Release|Any CPU
		{8841DF68-5FC2-479D-A8FD-996492F34EE7}.Debug|Any CPU.ActiveCfg = Debug|Any CPU
		{8841DF68-5FC2-479D-A8FD-996492F34EE7}.Debug|Any CPU.Build.0 = Debug|Any CPU
		{8841DF68-5FC2-479D-A8FD-996492F34EE7}.Debug|x64.ActiveCfg = Debug|Any CPU
		{8841DF68-5FC2-479D-A8FD-996492F34EE7}.Debug|x64.Build.0 = Debug|Any CPU
		{8841DF68-5FC2-479D-A8FD-996492F34EE7}.Debug|x86.ActiveCfg = Debug|Any CPU
		{8841DF68-5FC2-479D-A8FD-996492F34EE7}.Debug|x86.Build.0 = Debug|Any CPU
		{8841DF68-5FC2-479D-A8FD-996492F34EE7}.Release|Any CPU.ActiveCfg = Release|Any CPU
		{8841DF68-5FC2-479D-A8FD-996492F34EE7}.Release|Any CPU.Build.0 = Release|Any CPU
		{8841DF68-5FC2-479D-A8FD-996492F34EE7}.Release|x64.ActiveCfg = Release|Any CPU
		{8841DF68-5FC2-479D-A8FD-996492F34EE7}.Release|x64.Build.0 = Release|Any CPU
		{8841DF68-5FC2-479D-A8FD-996492F34EE7}.Release|x86.ActiveCfg = Release|Any CPU
		{8841DF68-5FC2-479D-A8FD-996492F34EE7}.Release|x86.Build.0 = Release|Any CPU
	EndGlobalSection
	GlobalSection(SolutionProperties) = preSolution
		HideSolutionNode = FALSE
	EndGlobalSection
	GlobalSection(ExtensibilityGlobals) = postSolution
		SolutionGuid = {D7FF2D33-4FD1-44E7-8347-285C2E9DCD48}
	EndGlobalSection
EndGlobal
